
Microsoft Visual Studio Solution File, Format Version 12.00
# Visual Studio Version 16
VisualStudioVersion = 16.0.31424.327
MinimumVisualStudioVersion = 10.0.40219.1
Project("{FAE04EC0-301F-11D3-BF4B-00C04F79EFBC}") = "StateManagement", "StateManagement\StateManagement.csproj", "{90CB7D0C-5EF7-4349-9FCB-FEB3B5BFCA73}"
EndProject
Global
	GlobalSection(SolutionConfigurationPlatforms) = preSolution
		Debug|Any CPU = Debug|Any CPU
		Release|Any CPU = Release|Any CPU
	EndGlobalSection
	GlobalSection(ProjectConfigurationPlatforms) = postSolution
		{90CB7D0C-5EF7-4349-9FCB-FEB3B5BFCA73}.Debug|Any CPU.ActiveCfg = Debug|Any CPU
		{90CB7D0C-5EF7-4349-9FCB-FEB3B5BFCA73}.Debug|Any CPU.Build.0 = Debug|Any CPU
		{90CB7D0C-5EF7-4349-9FCB-FEB3B5BFCA73}.Release|Any CPU.ActiveCfg = Release|Any CPU
		{90CB7D0C-5EF7-4349-9FCB-FEB3B5BFCA73}.Release|Any CPU.Build.0 = Release|Any CPU
	EndGlobalSection
	GlobalSection(SolutionProperties) = preSolution
		HideSolutionNode = FALSE
	EndGlobalSection
	GlobalSection(ExtensibilityGlobals) = postSolution
		SolutionGuid = {6501F2CD-F7FC-428C-8675-5B918888C5BB}
	EndGlobalSection
EndGlobal
